
Microsoft Visual Studio Solution File, Format Version 12.00
# Visual Studio Version 17
VisualStudioVersion = 17.5.002.0
MinimumVisualStudioVersion = 10.0.40219.1
Project("{9A19103F-16F7-4668-BE54-9A1E7A4F7556}") = "SSCMS.Login", "SSCMS.Login.csproj", "{01197255-AE6A-4BE1-A725-603E6DD8F967}"
EndProject
Global
	GlobalSection(SolutionConfigurationPlatforms) = preSolution
		Debug|Any CPU = Debug|Any CPU
		Release|Any CPU = Release|Any CPU
	EndGlobalSection
	GlobalSection(ProjectConfigurationPlatforms) = postSolution
		{01197255-AE6A-4BE1-A725-603E6DD8F967}.Debug|Any CPU.ActiveCfg = Debug|Any CPU
		{01197255-AE6A-4BE1-A725-603E6DD8F967}.Debug|Any CPU.Build.0 = Debug|Any CPU
		{01197255-AE6A-4BE1-A725-603E6DD8F967}.Release|Any CPU.ActiveCfg = Release|Any CPU
		{01197255-AE6A-4BE1-A725-603E6DD8F967}.Release|Any CPU.Build.0 = Release|Any CPU
	EndGlobalSection
	GlobalSection(SolutionProperties) = preSolution
		HideSolutionNode = FALSE
	EndGlobalSection
	GlobalSection(ExtensibilityGlobals) = postSolution
		SolutionGuid = {2D17EB2E-0AF9-4415-9611-E086DCFD291C}
	EndGlobalSection
EndGlobal
